        "@electric-sql/pglite": "^0.3.6",
        "@electric-sql/pglite-socket": "^0.0.11",
      "version": "0.3.6",
      "resolved": "https://registry.npmjs.org/@electric-sql/pglite/-/pglite-0.3.6.tgz",
      "integrity": "sha512-KFIoLIhiOzYQzT2TOxqWH9eAMZcZd4tzSGXDY+6qRboZY2P76yFDNTKS4SB2c3hy6vRqIrHSh24VDPi9FyNhlA==",
      "version": "0.0.11",
      "resolved": "https://registry.npmjs.org/@electric-sql/pglite-socket/-/pglite-socket-0.0.11.tgz",
      "integrity": "sha512-xgNIDp+pWTyaCylEpjpBMJ3nLKj4QRKdE9FswQzEPEgji+VEiczxgdm6DnSbqHXs8eM5bbP3sVfnCxV4L0s5Lg==",
        "@electric-sql/pglite": "0.3.6"
